// !$*UTF8*$!
{
	archiveVersion = 1;
	classes = {
	};
	objectVersion = 50;
	objects = {

/* Begin PBXBuildFile section */
		7402389621CE41B800983C9C /* NotebookListCell.swift in Sources */ = {isa = PBXBuildFile; fileRef = 7402389521CE41B800983C9C /* NotebookListCell.swift */; };
		7402389921CE446B00983C9C /* Notebook.swift in Sources */ = {isa = PBXBuildFile; fileRef = 7402389821CE446B00983C9C /* Notebook.swift */; };
		7402389B21CE51DF00983C9C /* Note.swift in Sources */ = {isa = PBXBuildFile; fileRef = 7402389A21CE51DF00983C9C /* Note.swift */; };
		7402389E21CE52FE00983C9C /* NotesListViewController.swift in Sources */ = {isa = PBXBuildFile; fileRef = 7402389D21CE52FE00983C9C /* NotesListViewController.swift */; };
		740238A421CEF0D600983C9C /* NoteDetailsViewController.swift in Sources */ = {isa = PBXBuildFile; fileRef = 740238A221CEF0D600983C9C /* NoteDetailsViewController.swift */; };
		740238A521CEF0D600983C9C /* NoteDetailsViewController.xib in Resources */ = {isa = PBXBuildFile; fileRef = 740238A321CEF0D600983C9C /* NoteDetailsViewController.xib */; };
		749E185521C6ACE800BD8C90 /* AppDelegate.swift in Sources */ = {isa = PBXBuildFile; fileRef = 749E185421C6ACE800BD8C90 /* AppDelegate.swift */; };
		749E185A21C6ACE800BD8C90 /* Main.storyboard in Resources */ = {isa = PBXBuildFile; fileRef = 749E185821C6ACE800BD8C90 /* Main.storyboard */; };
		749E185C21C6ACEB00BD8C90 /* Assets.xcassets in Resources */ = {isa = PBXBuildFile; fileRef = 749E185B21C6ACEB00BD8C90 /* Assets.xcassets */; };
		749E185F21C6ACEB00BD8C90 /* LaunchScreen.storyboard in Resources */ = {isa = PBXBuildFile; fileRef = 749E185D21C6ACEB00BD8C90 /* LaunchScreen.storyboard */; };
		749E186A21C6ACEB00BD8C90 /* EverpobreTests.swift in Sources */ = {isa = PBXBuildFile; fileRef = 749E186921C6ACEB00BD8C90 /* EverpobreTests.swift */; };
		749E187621C6B29300BD8C90 /* NotebookListViewController.swift in Sources */ = {isa = PBXBuildFile; fileRef = 749E187521C6B29300BD8C90 /* NotebookListViewController.swift */; };
/* End PBXBuildFile section */

/* Begin PBXContainerItemProxy section */
		749E186621C6ACEB00BD8C90 /* PBXContainerItemProxy */ = {
			isa = PBXContainerItemProxy;
			containerPortal = 749E184921C6ACE800BD8C90 /* Project object */;
			proxyType = 1;
			remoteGlobalIDString = 749E185021C6ACE800BD8C90;
			remoteInfo = Everpobre;
		};
/* End PBXContainerItemProxy section */

/* Begin PBXFileReference section */
		7402389521CE41B800983C9C /* NotebookListCell.swift */ = {isa = PBXFileReference; lastKnownFileType = sourcecode.swift; path = NotebookListCell.swift; sourceTree = "<group>"; };
		7402389821CE446B00983C9C /* Notebook.swift */ = {isa = PBXFileReference; lastKnownFileType = sourcecode.swift; path = Notebook.swift; sourceTree = "<group>"; };
		7402389A21CE51DF00983C9C /* Note.swift */ = {isa = PBXFileReference; lastKnownFileType = sourcecode.swift; path = Note.swift; sourceTree = "<group>"; };
		7402389D21CE52FE00983C9C /* NotesListViewController.swift */ = {isa = PBXFileReference; lastKnownFileType = sourcecode.swift; path = NotesListViewController.swift; sourceTree = "<group>"; };
		740238A221CEF0D600983C9C /* NoteDetailsViewController.swift */ = {isa = PBXFileReference; lastKnownFileType = sourcecode.swift; path = NoteDetailsViewController.swift; sourceTree = "<group>"; };
		740238A321CEF0D600983C9C /* NoteDetailsViewController.xib */ = {isa = PBXFileReference; lastKnownFileType = file.xib; path = NoteDetailsViewController.xib; sourceTree = "<group>"; };
		749E185121C6ACE800BD8C90 /* Everpobre.app */ = {isa = PBXFileReference; explicitFileType = wrapper.application; includeInIndex = 0; path = Everpobre.app; sourceTree = BUILT_PRODUCTS_DIR; };
		749E185421C6ACE800BD8C90 /* AppDelegate.swift */ = {isa = PBXFileReference; lastKnownFileType = sourcecode.swift; path = AppDelegate.swift; sourceTree = "<group>"; };
		749E185921C6ACE800BD8C90 /* Base */ = {isa = PBXFileReference; lastKnownFileType = file.storyboard; name = Base; path = Base.lproj/Main.storyboard; sourceTree = "<group>"; };
		749E185B21C6ACEB00BD8C90 /* Assets.xcassets */ = {isa = PBXFileReference; lastKnownFileType = folder.assetcatalog; path = Assets.xcassets; sourceTree = "<group>"; };
		749E185E21C6ACEB00BD8C90 /* Base */ = {isa = PBXFileReference; lastKnownFileType = file.storyboard; name = Base; path = Base.lproj/LaunchScreen.storyboard; sourceTree = "<group>"; };
		749E186021C6ACEB00BD8C90 /* Info.plist */ = {isa = PBXFileReference; lastKnownFileType = text.plist.xml; path = Info.plist; sourceTree = "<group>"; };
		749E186521C6ACEB00BD8C90 /* EverpobreTests.xctest */ = {isa = PBXFileReference; explicitFileType = wrapper.cfbundle; includeInIndex = 0; path = EverpobreTests.xctest; sourceTree = BUILT_PRODUCTS_DIR; };
		749E186921C6ACEB00BD8C90 /* EverpobreTests.swift */ = {isa = PBXFileReference; lastKnownFileType = sourcecode.swift; path = EverpobreTests.swift; sourceTree = "<group>"; };
		749E186B21C6ACEB00BD8C90 /* Info.plist */ = {isa = PBXFileReference; lastKnownFileType = text.plist.xml; path = Info.plist; sourceTree = "<group>"; };
		749E187521C6B29300BD8C90 /* NotebookListViewController.swift */ = {isa = PBXFileReference; lastKnownFileType = sourcecode.swift; path = NotebookListViewController.swift; sourceTree = "<group>"; };
		749E187721C6F71E00BD8C90 /* README.md */ = {isa = PBXFileReference; lastKnownFileType = net.daringfireball.markdown; path = README.md; sourceTree = "<group>"; };
/* End PBXFileReference section */

/* Begin PBXFrameworksBuildPhase section */
		749E184E21C6ACE800BD8C90 /* Frameworks */ = {
			isa = PBXFrameworksBuildPhase;
			buildActionMask = 2147483647;
			files = (
			);
			runOnlyForDeploymentPostprocessing = 0;
		};
		749E186221C6ACEB00BD8C90 /* Frameworks */ = {
			isa = PBXFrameworksBuildPhase;
			buildActionMask = 2147483647;
			files = (
			);
			runOnlyForDeploymentPostprocessing = 0;
		};
/* End PBXFrameworksBuildPhase section */

/* Begin PBXGroup section */
		7402389721CE443B00983C9C /* Model */ = {
			isa = PBXGroup;
			children = (
				7402389821CE446B00983C9C /* Notebook.swift */,
				7402389A21CE51DF00983C9C /* Note.swift */,
			);
			path = Model;
			sourceTree = "<group>";
		};
		7402389C21CE52D200983C9C /* NotesList */ = {
			isa = PBXGroup;
			children = (
				7402389D21CE52FE00983C9C /* NotesListViewController.swift */,
			);
			path = NotesList;
			sourceTree = "<group>";
		};
		7402389F21CEF02F00983C9C /* NoteDetails */ = {
			isa = PBXGroup;
			children = (
				740238A221CEF0D600983C9C /* NoteDetailsViewController.swift */,
				740238A321CEF0D600983C9C /* NoteDetailsViewController.xib */,
			);
			path = NoteDetails;
			sourceTree = "<group>";
		};
		749E184821C6ACE800BD8C90 = {
			isa = PBXGroup;
			children = (
				749E187721C6F71E00BD8C90 /* README.md */,
				749E185321C6ACE800BD8C90 /* Everpobre */,
				749E186821C6ACEB00BD8C90 /* EverpobreTests */,
				749E185221C6ACE800BD8C90 /* Products */,
			);
			sourceTree = "<group>";
		};
		749E185221C6ACE800BD8C90 /* Products */ = {
			isa = PBXGroup;
			children = (
				749E185121C6ACE800BD8C90 /* Everpobre.app */,
				749E186521C6ACEB00BD8C90 /* EverpobreTests.xctest */,
			);
			name = Products;
			sourceTree = "<group>";
		};
		749E185321C6ACE800BD8C90 /* Everpobre */ = {
			isa = PBXGroup;
			children = (
				7402389F21CEF02F00983C9C /* NoteDetails */,
				7402389C21CE52D200983C9C /* NotesList */,
				7402389721CE443B00983C9C /* Model */,
				749E187421C6AFD200BD8C90 /* NotebookList */,
				749E185421C6ACE800BD8C90 /* AppDelegate.swift */,
				749E185821C6ACE800BD8C90 /* Main.storyboard */,
				749E185B21C6ACEB00BD8C90 /* Assets.xcassets */,
				749E185D21C6ACEB00BD8C90 /* LaunchScreen.storyboard */,
				749E186021C6ACEB00BD8C90 /* Info.plist */,
			);
			path = Everpobre;
			sourceTree = "<group>";
		};
		749E186821C6ACEB00BD8C90 /* EverpobreTests */ = {
			isa = PBXGroup;
			children = (
				749E186921C6ACEB00BD8C90 /* EverpobreTests.swift */,
				749E186B21C6ACEB00BD8C90 /* Info.plist */,
			);
			path = EverpobreTests;
			sourceTree = "<group>";
		};
		749E187421C6AFD200BD8C90 /* NotebookList */ = {
			isa = PBXGroup;
			children = (
				749E187521C6B29300BD8C90 /* NotebookListViewController.swift */,
				7402389521CE41B800983C9C /* NotebookListCell.swift */,
			);
			path = NotebookList;
			sourceTree = "<group>";
		};
/* End PBXGroup section */

/* Begin PBXNativeTarget section */
		749E185021C6ACE800BD8C90 /* Everpobre */ = {
			isa = PBXNativeTarget;
			buildConfigurationList = 749E186E21C6ACEB00BD8C90 /* Build configuration list for PBXNativeTarget "Everpobre" */;
			buildPhases = (
				749E184D21C6ACE800BD8C90 /* Sources */,
				749E184E21C6ACE800BD8C90 /* Frameworks */,
				749E184F21C6ACE800BD8C90 /* Resources */,
			);
			buildRules = (
			);
			dependencies = (
			);
			name = Everpobre;
			productName = Everpobre;
			productReference = 749E185121C6ACE800BD8C90 /* Everpobre.app */;
			productType = "com.apple.product-type.application";
		};
		749E186421C6ACEB00BD8C90 /* EverpobreTests */ = {
			isa = PBXNativeTarget;
			buildConfigurationList = 749E187121C6ACEB00BD8C90 /* Build configuration list for PBXNativeTarget "EverpobreTests" */;
			buildPhases = (
				749E186121C6ACEB00BD8C90 /* Sources */,
				749E186221C6ACEB00BD8C90 /* Frameworks */,
				749E186321C6ACEB00BD8C90 /* Resources */,
			);
			buildRules = (
			);
			dependencies = (
				749E186721C6ACEB00BD8C90 /* PBXTargetDependency */,
			);
			name = EverpobreTests;
			productName = EverpobreTests;
			productReference = 749E186521C6ACEB00BD8C90 /* EverpobreTests.xctest */;
			productType = "com.apple.product-type.bundle.unit-test";
		};
/* End PBXNativeTarget section */

/* Begin PBXProject section */
		749E184921C6ACE800BD8C90 /* Project object */ = {
			isa = PBXProject;
			attributes = {
				LastSwiftUpdateCheck = 1000;
				LastUpgradeCheck = 1000;
				ORGANIZATIONNAME = "Javier Finez de Dios";
				TargetAttributes = {
					749E185021C6ACE800BD8C90 = {
						CreatedOnToolsVersion = 10.0;
					};
					749E186421C6ACEB00BD8C90 = {
						CreatedOnToolsVersion = 10.0;
						TestTargetID = 749E185021C6ACE800BD8C90;
					};
				};
			};
			buildConfigurationList = 749E184C21C6ACE800BD8C90 /* Build configuration list for PBXProject "Everpobre" */;
			compatibilityVersion = "Xcode 9.3";
			developmentRegion = en;
			hasScannedForEncodings = 0;
			knownRegions = (
				en,
				Base,
			);
			mainGroup = 749E184821C6ACE800BD8C90;
			productRefGroup = 749E185221C6ACE800BD8C90 /* Products */;
			projectDirPath = "";
			projectRoot = "";
			targets = (
				749E185021C6ACE800BD8C90 /* Everpobre */,
				749E186421C6ACEB00BD8C90 /* EverpobreTests */,
			);
		};
/* End PBXProject section */

/* Begin PBXResourcesBuildPhase section */
		749E184F21C6ACE800BD8C90 /* Resources */ = {
			isa = PBXResourcesBuildPhase;
			buildActionMask = 2147483647;
			files = (
				749E185F21C6ACEB00BD8C90 /* LaunchScreen.storyboard in Resources */,
				740238A521CEF0D600983C9C /* NoteDetailsViewController.xib in Resources */,
				749E185C21C6ACEB00BD8C90 /* Assets.xcassets in Resources */,
				749E185A21C6ACE800BD8C90 /* Main.storyboard in Resources */,
			);
			runOnlyForDeploymentPostprocessing = 0;
		};
		749E186321C6ACEB00BD8C90 /* Resources */ = {
			isa = PBXResourcesBuildPhase;
			buildActionMask = 2147483647;
			files = (
			);
			runOnlyForDeploymentPostprocessing = 0;
		};
/* End PBXResourcesBuildPhase section */

/* Begin PBXSourcesBuildPhase section */
		749E184D21C6ACE800BD8C90 /* Sources */ = {
			isa = PBXSourcesBuildPhase;
			buildActionMask = 2147483647;
			files = (
				7402389B21CE51DF00983C9C /* Note.swift in Sources */,
				749E187621C6B29300BD8C90 /* NotebookListViewController.swift in Sources */,
				749E185521C6ACE800BD8C90 /* AppDelegate.swift in Sources */,
				7402389921CE446B00983C9C /* Notebook.swift in Sources */,
				7402389E21CE52FE00983C9C /* NotesListViewController.swift in Sources */,
				740238A421CEF0D600983C9C /* NoteDetailsViewController.swift in Sources */,
				7402389621CE41B800983C9C /* NotebookListCell.swift in Sources */,
			);
			runOnlyForDeploymentPostprocessing = 0;
		};
		749E186121C6ACEB00BD8C90 /* Sources */ = {
			isa = PBXSourcesBuildPhase;
			buildActionMask = 2147483647;
			files = (
				749E186A21C6ACEB00BD8C90 /* EverpobreTests.swift in Sources */,
			);
			runOnlyForDeploymentPostprocessing = 0;
		};
/* End PBXSourcesBuildPhase section */

/* Begin PBXTargetDependency section */
		749E186721C6ACEB00BD8C90 /* PBXTargetDependency */ = {
			isa = PBXTargetDependency;
			target = 749E185021C6ACE800BD8C90 /* Everpobre */;
			targetProxy = 749E186621C6ACEB00BD8C90 /* PBXContainerItemProxy */;
		};
/* End PBXTargetDependency section */

/* Begin PBXVariantGroup section */
		749E185821C6ACE800BD8C90 /* Main.storyboard */ = {
			isa = PBXVariantGroup;
			children = (
				749E185921C6ACE800BD8C90 /* Base */,
			);
			name = Main.storyboard;
			sourceTree = "<group>";
		};
		749E185D21C6ACEB00BD8C90 /* LaunchScreen.storyboard */ = {
			isa = PBXVariantGroup;
			children = (
				749E185E21C6ACEB00BD8C90 /* Base */,
			);
			name = LaunchScreen.storyboard;
			sourceTree = "<group>";
		};
/* End PBXVariantGroup section */

/* Begin XCBuildConfiguration section */
		749E186C21C6ACEB00BD8C90 /* Debug */ = {
			isa = XCBuildConfiguration;
			buildSettings = {
				ALWAYS_SEARCH_USER_PATHS = NO;
				CLANG_ANALYZER_NONNULL = YES;
				CLANG_ANALYZER_NUMBER_OBJECT_CONVERSION = YES_AGGRESSIVE;
				CLANG_CXX_LANGUAGE_STANDARD = "gnu++14";
				CLANG_CXX_LIBRARY = "libc++";
				CLANG_ENABLE_MODULES = YES;
				CLANG_ENABLE_OBJC_ARC = YES;
				CLANG_ENABLE_OBJC_WEAK = YES;
				CLANG_WARN_BLOCK_CAPTURE_AUTORELEASING = YES;
				CLANG_WARN_BOOL_CONVERSION = YES;
				CLANG_WARN_COMMA = YES;
				CLANG_WARN_CONSTANT_CONVERSION = YES;
				CLANG_WARN_DEPRECATED_OBJC_IMPLEMENTATIONS = YES;
				CLANG_WARN_DIRECT_OBJC_ISA_USAGE = YES_ERROR;
				CLANG_WARN_DOCUMENTATION_COMMENTS = YES;
				CLANG_WARN_EMPTY_BODY = YES;
				CLANG_WARN_ENUM_CONVERSION = YES;
				CLANG_WARN_INFINITE_RECURSION = YES;
				CLANG_WARN_INT_CONVERSION = YES;
				CLANG_WARN_NON_LITERAL_NULL_CONVERSION = YES;
				CLANG_WARN_OBJC_IMPLICIT_RETAIN_SELF = YES;
				CLANG_WARN_OBJC_LITERAL_CONVERSION = YES;
				CLANG_WARN_OBJC_ROOT_CLASS = YES_ERROR;
				CLANG_WARN_RANGE_LOOP_ANALYSIS = YES;
				CLANG_WARN_STRICT_PROTOTYPES = YES;
				CLANG_WARN_SUSPICIOUS_MOVE = YES;
				CLANG_WARN_UNGUARDED_AVAILABILITY = YES_AGGRESSIVE;
				CLANG_WARN_UNREACHABLE_CODE = YES;
				CLANG_WARN__DUPLICATE_METHOD_MATCH = YES;
				CODE_SIGN_IDENTITY = "iPhone Developer";
				COPY_PHASE_STRIP = NO;
				DEBUG_INFORMATION_FORMAT = dwarf;
				ENABLE_STRICT_OBJC_MSGSEND = YES;
				ENABLE_TESTABILITY = YES;
				GCC_C_LANGUAGE_STANDARD = gnu11;
				GCC_DYNAMIC_NO_PIC = NO;
				GCC_NO_COMMON_BLOCKS = YES;
				GCC_OPTIMIZATION_LEVEL = 0;
				GCC_PREPROCESSOR_DEFINITIONS = (
					"DEBUG=1",
					"$(inherited)",
				);
				GCC_WARN_64_TO_32_BIT_CONVERSION = YES;
				GCC_WARN_ABOUT_RETURN_TYPE = YES_ERROR;
				GCC_WARN_UNDECLARED_SELECTOR = YES;
				GCC_WARN_UNINITIALIZED_AUTOS = YES_AGGRESSIVE;
				GCC_WARN_UNUSED_FUNCTION = YES;
				GCC_WARN_UNUSED_VARIABLE = YES;
				IPHONEOS_DEPLOYMENT_TARGET = 12.0;
				MTL_ENABLE_DEBUG_INFO = INCLUDE_SOURCE;
				MTL_FAST_MATH = YES;
				ONLY_ACTIVE_ARCH = YES;
				SDKROOT = iphoneos;
				SWIFT_ACTIVE_COMPILATION_CONDITIONS = DEBUG;
				SWIFT_OPTIMIZATION_LEVEL = "-Onone";
			};
			name = Debug;
		};
		749E186D21C6ACEB00BD8C90 /* Release */ = {
			isa = XCBuildConfiguration;
			buildSettings = {
				ALWAYS_SEARCH_USER_PATHS = NO;
				CLANG_ANALYZER_NONNULL = YES;
				CLANG_ANALYZER_NUMBER_OBJECT_CONVERSION = YES_AGGRESSIVE;
				CLANG_CXX_LANGUAGE_STANDARD = "gnu++14";
				CLANG_CXX_LIBRARY = "libc++";
				CLANG_ENABLE_MODULES = YES;
				CLANG_ENABLE_OBJC_ARC = YES;
				CLANG_ENABLE_OBJC_WEAK = YES;
				CLANG_WARN_BLOCK_CAPTURE_AUTORELEASING = YES;
				CLANG_WARN_BOOL_CONVERSION = YES;
				CLANG_WARN_COMMA = YES;
				CLANG_WARN_CONSTANT_CONVERSION = YES;
				CLANG_WARN_DEPRECATED_OBJC_IMPLEMENTATIONS = YES;
				CLANG_WARN_DIRECT_OBJC_ISA_USAGE = YES_ERROR;
				CLANG_WARN_DOCUMENTATION_COMMENTS = YES;
				CLANG_WARN_EMPTY_BODY = YES;
				CLANG_WARN_ENUM_CONVERSION = YES;
				CLANG_WARN_INFINITE_RECURSION = YES;
				CLANG_WARN_INT_CONVERSION = YES;
				CLANG_WARN_NON_LITERAL_NULL_CONVERSION = YES;
				CLANG_WARN_OBJC_IMPLICIT_RETAIN_SELF = YES;
				CLANG_WARN_OBJC_LITERAL_CONVERSION = YES;
				CLANG_WARN_OBJC_ROOT_CLASS = YES_ERROR;
				CLANG_WARN_RANGE_LOOP_ANALYSIS = YES;
				CLANG_WARN_STRICT_PROTOTYPES = YES;
				CLANG_WARN_SUSPICIOUS_MOVE = YES;
				CLANG_WARN_UNGUARDED_AVAILABILITY = YES_AGGRESSIVE;
				CLANG_WARN_UNREACHABLE_CODE = YES;
				CLANG_WARN__DUPLICATE_METHOD_MATCH = YES;
				CODE_SIGN_IDENTITY = "iPhone Developer";
				COPY_PHASE_STRIP = NO;
				DEBUG_INFORMATION_FORMAT = "dwarf-with-dsym";
				ENABLE_NS_ASSERTIONS = NO;
				ENABLE_STRICT_OBJC_MSGSEND = YES;
				GCC_C_LANGUAGE_STANDARD = gnu11;
				GCC_NO_COMMON_BLOCKS = YES;
				GCC_WARN_64_TO_32_BIT_CONVERSION = YES;
				GCC_WARN_ABOUT_RETURN_TYPE = YES_ERROR;
				GCC_WARN_UNDECLARED_SELECTOR = YES;
				GCC_WARN_UNINITIALIZED_AUTOS = YES_AGGRESSIVE;
				GCC_WARN_UNUSED_FUNCTION = YES;
				GCC_WARN_UNUSED_VARIABLE = YES;
				IPHONEOS_DEPLOYMENT_TARGET = 12.0;
				MTL_ENABLE_DEBUG_INFO = NO;
				MTL_FAST_MATH = YES;
				SDKROOT = iphoneos;
				SWIFT_COMPILATION_MODE = wholemodule;
				SWIFT_OPTIMIZATION_LEVEL = "-O";
				VALIDATE_PRODUCT = YES;
			};
			name = Release;
		};
		749E186F21C6ACEB00BD8C90 /* Debug */ = {
			isa = XCBuildConfiguration;
			buildSettings = {
				ASSETCATALOG_COMPILER_APPICON_NAME = AppIcon;
				CODE_SIGN_STYLE = Automatic;
				INFOPLIST_FILE = Everpobre/Info.plist;
				LD_RUNPATH_SEARCH_PATHS = (
					"$(inherited)",
					"@executable_path/Frameworks",
				);
				PRODUCT_BUNDLE_IDENTIFIER = com.javierfinez.Everpobre;
				PRODUCT_NAME = "$(TARGET_NAME)";
				SWIFT_VERSION = 4.2;
				TARGETED_DEVICE_FAMILY = "1,2";
			};
			name = Debug;
		};
		749E187021C6ACEB00BD8C90 /* Release */ = {
			isa = XCBuildConfiguration;
			buildSettings = {
				ASSETCATALOG_COMPILER_APPICON_NAME = AppIcon;
				CODE_SIGN_STYLE = Automatic;
				INFOPLIST_FILE = Everpobre/Info.plist;
				LD_RUNPATH_SEARCH_PATHS = (
					"$(inherited)",
					"@executable_path/Frameworks",
				);
				PRODUCT_BUNDLE_IDENTIFIER = com.javierfinez.Everpobre;
				PRODUCT_NAME = "$(TARGET_NAME)";
				SWIFT_VERSION = 4.2;
				TARGETED_DEVICE_FAMILY = "1,2";
			};
			name = Release;
		};
		749E187221C6ACEB00BD8C90 /* Debug */ = {
			isa = XCBuildConfiguration;
			buildSettings = {
				ALWAYS_EMBED_SWIFT_STANDARD_LIBRARIES = YES;
				BUNDLE_LOADER = "$(TEST_HOST)";
				CODE_SIGN_STYLE = Automatic;
				INFOPLIST_FILE = EverpobreTests/Info.plist;
				LD_RUNPATH_SEARCH_PATHS = (
					"$(inherited)",
					"@executable_path/Frameworks",
					"@loader_path/Frameworks",
				);
				PRODUCT_BUNDLE_IDENTIFIER = com.javierfinez.EverpobreTests;
				PRODUCT_NAME = "$(TARGET_NAME)";
				SWIFT_VERSION = 4.2;
				TARGETED_DEVICE_FAMILY = "1,2";
				TEST_HOST = "$(BUILT_PRODUCTS_DIR)/Everpobre.app/Everpobre";
			};
			name = Debug;
		};
		749E187321C6ACEB00BD8C90 /* Release */ = {
			isa = XCBuildConfiguration;
			buildSettings = {
				ALWAYS_EMBED_SWIFT_STANDARD_LIBRARIES = YES;
				BUNDLE_LOADER = "$(TEST_HOST)";
				CODE_SIGN_STYLE = Automatic;
				INFOPLIST_FILE = EverpobreTests/Info.plist;
				LD_RUNPATH_SEARCH_PATHS = (
					"$(inherited)",
					"@executable_path/Frameworks",
					"@loader_path/Frameworks",
				);
				PRODUCT_BUNDLE_IDENTIFIER = com.javierfinez.EverpobreTests;
				PRODUCT_NAME = "$(TARGET_NAME)";
				SWIFT_VERSION = 4.2;
				TARGETED_DEVICE_FAMILY = "1,2";
				TEST_HOST = "$(BUILT_PRODUCTS_DIR)/Everpobre.app/Everpobre";
			};
			name = Release;
		};
/* End XCBuildConfiguration section */

/* Begin XCConfigurationList section */
		749E184C21C6ACE800BD8C90 /* Build configuration list for PBXProject "Everpobre" */ = {
			isa = XCConfigurationList;
			buildConfigurations = (
				749E186C21C6ACEB00BD8C90 /* Debug */,
				749E186D21C6ACEB00BD8C90 /* Release */,
			);
			defaultConfigurationIsVisible = 0;
			defaultConfigurationName = Release;
		};
		749E186E21C6ACEB00BD8C90 /* Build configuration list for PBXNativeTarget "Everpobre" */ = {
			isa = XCConfigurationList;
			buildConfigurations = (
				749E186F21C6ACEB00BD8C90 /* Debug */,
				749E187021C6ACEB00BD8C90 /* Release */,
			);
			defaultConfigurationIsVisible = 0;
			defaultConfigurationName = Release;
		};
		749E187121C6ACEB00BD8C90 /* Build configuration list for PBXNativeTarget "EverpobreTests" */ = {
			isa = XCConfigurationList;
			buildConfigurations = (
				749E187221C6ACEB00BD8C90 /* Debug */,
				749E187321C6ACEB00BD8C90 /* Release */,
			);
			defaultConfigurationIsVisible = 0;
			defaultConfigurationName = Release;
		};
/* End XCConfigurationList section */
	};
	rootObject = 749E184921C6ACE800BD8C90 /* Project object */;
}
